
Microsoft Visual Studio Solution File, Format Version 12.00
Project("{2150E333-8FDC-42A3-9474-1A3956D46DE8}") = "Thread", "Thread", "{065D795D-5778-49E8-9B48-779CC92E93E2}"
EndProject
Project("{FAE04EC0-301F-11D3-BF4B-00C04F79EFBC}") = "Exercicio1", "Thread\Exercicio1\Exercicio1.csproj", "{ACF1CA98-5D98-42ED-9B35-5267E796225D}"
EndProject
Project("{FAE04EC0-301F-11D3-BF4B-00C04F79EFBC}") = "Exercicio2", "Thread\Exercicio2\Exercicio2.csproj", "{736406A4-024F-4237-BF5E-41B4C7A79DAD}"
EndProject
Project("{FAE04EC0-301F-11D3-BF4B-00C04F79EFBC}") = "Exercicio3", "Thread\Exercicio3\Exercicio3.csproj", "{BEC9136A-16B6-494B-9FC4-DD5221CD2097}"
EndProject
Project("{FAE04EC0-301F-11D3-BF4B-00C04F79EFBC}") = "Exercicio4", "Thread\Exercicio4\Exercicio4.csproj", "{C433788A-BFEA-4F34-880C-A4B5ABFC92B1}"
EndProject
Project("{FAE04EC0-301F-11D3-BF4B-00C04F79EFBC}") = "Exercicio5", "Thread\Exercicio5\Exercicio5.csproj", "{9C88B7E6-18DC-411C-AA2D-38D4A848BC8C}"
EndProject
Project("{FAE04EC0-301F-11D3-BF4B-00C04F79EFBC}") = "Exercicio6", "Thread\Exercicio6\Exercicio6.csproj", "{8A77F3DE-B02C-4952-8D18-C9F91D10601C}"
EndProject
Project("{FAE04EC0-301F-11D3-BF4B-00C04F79EFBC}") = "Exercicio7", "Thread\Exercicio7\Exercicio7.csproj", "{EDBFA5BB-1AC1-4B10-ADFC-1D9A1A802F12}"
EndProject
Project("{FAE04EC0-301F-11D3-BF4B-00C04F79EFBC}") = "Exercicio8", "Thread\Exercicio8\Exercicio8.csproj", "{1B6A354C-C2DA-4E73-9AA2-DBA36D8BE728}"
EndProject
Project("{FAE04EC0-301F-11D3-BF4B-00C04F79EFBC}") = "Exercicio9", "Thread\Exercicio9\Exercicio9.csproj", "{DE7761EA-4FCA-4F47-B75F-A5A187303635}"
EndProject
Project("{2150E333-8FDC-42A3-9474-1A3956D46DE8}") = "AlgoritmosClassicos", "AlgoritmosClassicos", "{0BA62836-46F0-46FA-B417-947B83EE60A8}"
EndProject
Project("{FAE04EC0-301F-11D3-BF4B-00C04F79EFBC}") = "LeitoresEscritores", "Thread\AlgoritmosClassicos\LeitoresEscritores\LeitoresEscritores.csproj", "{C7F28634-8DEB-4AB7-A154-89B4C8165618}"
EndProject
Project("{FAE04EC0-301F-11D3-BF4B-00C04F79EFBC}") = "JantarDosFilosofos", "Thread\AlgoritmosClassicos\JantarDosFilosofos\JantarDosFilosofos.csproj", "{C91CDC0D-9590-48B7-9F79-4D3172D86A4D}"
EndProject
Project("{FAE04EC0-301F-11D3-BF4B-00C04F79EFBC}") = "ProdutorConsumidor", "Thread\AlgoritmosClassicos\ProdutorConsumidor\ProdutorConsumidor.csproj", "{E350221A-552B-4488-938D-8A8494824007}"
EndProject
Project("{FAE04EC0-301F-11D3-BF4B-00C04F79EFBC}") = "BarbeiroDorminhoco", "Thread\AlgoritmosClassicos\BarbeiroDorminhoco\BarbeiroDorminhoco.csproj", "{EDAC9EFF-30D3-4324-96E2-5E2543595641}"
EndProject
Project("{2150E333-8FDC-42A3-9474-1A3956D46DE8}") = "Sincronizadores", "Sincronizadores", "{541D5BDE-E4C0-4DF6-BCF0-440896DEF627}"
EndProject
Project("{FAE04EC0-301F-11D3-BF4B-00C04F79EFBC}") = "Lock", "Thread\Lock\Lock.csproj", "{7190D2EB-B27A-4EC1-8DC7-74309870D571}"
EndProject
Project("{FAE04EC0-301F-11D3-BF4B-00C04F79EFBC}") = "Mutex", "Thread\Mutex\Mutex.csproj", "{BD8BE8F6-728B-4657-A9AB-05F0D9AE715F}"
EndProject
Project("{FAE04EC0-301F-11D3-BF4B-00C04F79EFBC}") = "Semaforo", "Thread\Semaforo\Semaforo.csproj", "{3C470158-62FC-4D34-A9A6-30F46DB90F69}"
EndProject
Project("{FAE04EC0-301F-11D3-BF4B-00C04F79EFBC}") = "Deadlock", "Thread\Deadlock\Deadlock.csproj", "{067556E1-9312-4E8C-982C-5228DA4B01FB}"
EndProject
Project("{2150E333-8FDC-42A3-9474-1A3956D46DE8}") = "Task", "Task", "{DE459845-520C-42E2-A772-DA33662755DE}"
EndProject
Project("{FAE04EC0-301F-11D3-BF4B-00C04F79EFBC}") = "Exercicio10", "Exercicio10\Exercicio10.csproj", "{716EDFF7-A445-43C5-B81E-98A0E793B8B0}"
EndProject
Project("{FAE04EC0-301F-11D3-BF4B-00C04F79EFBC}") = "Exercicio11", "Exercicio11\Exercicio11.csproj", "{0FB8366D-44D6-43A4-966C-E2C312DFBA5F}"
EndProject
Project("{2150E333-8FDC-42A3-9474-1A3956D46DE8}") = "AsyncAwait", "AsyncAwait", "{2A22952F-AE48-4579-9BFC-D807A8F8E4CD}"
EndProject
Project("{FAE04EC0-301F-11D3-BF4B-00C04F79EFBC}") = "AsyncMethod", "AsyncMethod\AsyncMethod.csproj", "{E742CB68-008F-4779-A2FB-726796E9A705}"
EndProject
Project("{FAE04EC0-301F-11D3-BF4B-00C04F79EFBC}") = "Exercicio12", "Exercicio12\Exercicio12.csproj", "{6D778C1E-D0D7-436F-8C36-310A03259D18}"
EndProject
Global
	GlobalSection(SolutionConfigurationPlatforms) = preSolution
		Debug|Any CPU = Debug|Any CPU
		Release|Any CPU = Release|Any CPU
	EndGlobalSection
	GlobalSection(ProjectConfigurationPlatforms) = postSolution
		{ACF1CA98-5D98-42ED-9B35-5267E796225D}.Debug|Any CPU.ActiveCfg = Debug|Any CPU
		{ACF1CA98-5D98-42ED-9B35-5267E796225D}.Debug|Any CPU.Build.0 = Debug|Any CPU
		{ACF1CA98-5D98-42ED-9B35-5267E796225D}.Release|Any CPU.ActiveCfg = Release|Any CPU
		{ACF1CA98-5D98-42ED-9B35-5267E796225D}.Release|Any CPU.Build.0 = Release|Any CPU
		{736406A4-024F-4237-BF5E-41B4C7A79DAD}.Debug|Any CPU.ActiveCfg = Debug|Any CPU
		{736406A4-024F-4237-BF5E-41B4C7A79DAD}.Debug|Any CPU.Build.0 = Debug|Any CPU
		{736406A4-024F-4237-BF5E-41B4C7A79DAD}.Release|Any CPU.ActiveCfg = Release|Any CPU
		{736406A4-024F-4237-BF5E-41B4C7A79DAD}.Release|Any CPU.Build.0 = Release|Any CPU
		{BEC9136A-16B6-494B-9FC4-DD5221CD2097}.Debug|Any CPU.ActiveCfg = Debug|Any CPU
		{BEC9136A-16B6-494B-9FC4-DD5221CD2097}.Debug|Any CPU.Build.0 = Debug|Any CPU
		{BEC9136A-16B6-494B-9FC4-DD5221CD2097}.Release|Any CPU.ActiveCfg = Release|Any CPU
		{BEC9136A-16B6-494B-9FC4-DD5221CD2097}.Release|Any CPU.Build.0 = Release|Any CPU
		{C433788A-BFEA-4F34-880C-A4B5ABFC92B1}.Debug|Any CPU.ActiveCfg = Debug|Any CPU
		{C433788A-BFEA-4F34-880C-A4B5ABFC92B1}.Debug|Any CPU.Build.0 = Debug|Any CPU
		{C433788A-BFEA-4F34-880C-A4B5ABFC92B1}.Release|Any CPU.ActiveCfg = Release|Any CPU
		{C433788A-BFEA-4F34-880C-A4B5ABFC92B1}.Release|Any CPU.Build.0 = Release|Any CPU
		{9C88B7E6-18DC-411C-AA2D-38D4A848BC8C}.Debug|Any CPU.ActiveCfg = Debug|Any CPU
		{9C88B7E6-18DC-411C-AA2D-38D4A848BC8C}.Debug|Any CPU.Build.0 = Debug|Any CPU
		{9C88B7E6-18DC-411C-AA2D-38D4A848BC8C}.Release|Any CPU.ActiveCfg = Release|Any CPU
		{9C88B7E6-18DC-411C-AA2D-38D4A848BC8C}.Release|Any CPU.Build.0 = Release|Any CPU
		{8A77F3DE-B02C-4952-8D18-C9F91D10601C}.Debug|Any CPU.ActiveCfg = Debug|Any CPU
		{8A77F3DE-B02C-4952-8D18-C9F91D10601C}.Debug|Any CPU.Build.0 = Debug|Any CPU
		{8A77F3DE-B02C-4952-8D18-C9F91D10601C}.Release|Any CPU.ActiveCfg = Release|Any CPU
		{8A77F3DE-B02C-4952-8D18-C9F91D10601C}.Release|Any CPU.Build.0 = Release|Any CPU
		{EDBFA5BB-1AC1-4B10-ADFC-1D9A1A802F12}.Debug|Any CPU.ActiveCfg = Debug|Any CPU
		{EDBFA5BB-1AC1-4B10-ADFC-1D9A1A802F12}.Debug|Any CPU.Build.0 = Debug|Any CPU
		{EDBFA5BB-1AC1-4B10-ADFC-1D9A1A802F12}.Release|Any CPU.ActiveCfg = Release|Any CPU
		{EDBFA5BB-1AC1-4B10-ADFC-1D9A1A802F12}.Release|Any CPU.Build.0 = Release|Any CPU
		{1B6A354C-C2DA-4E73-9AA2-DBA36D8BE728}.Debug|Any CPU.ActiveCfg = Debug|Any CPU
		{1B6A354C-C2DA-4E73-9AA2-DBA36D8BE728}.Debug|Any CPU.Build.0 = Debug|Any CPU
		{1B6A354C-C2DA-4E73-9AA2-DBA36D8BE728}.Release|Any CPU.ActiveCfg = Release|Any CPU
		{1B6A354C-C2DA-4E73-9AA2-DBA36D8BE728}.Release|Any CPU.Build.0 = Release|Any CPU
		{DE7761EA-4FCA-4F47-B75F-A5A187303635}.Debug|Any CPU.ActiveCfg = Debug|Any CPU
		{DE7761EA-4FCA-4F47-B75F-A5A187303635}.Debug|Any CPU.Build.0 = Debug|Any CPU
		{DE7761EA-4FCA-4F47-B75F-A5A187303635}.Release|Any CPU.ActiveCfg = Release|Any CPU
		{DE7761EA-4FCA-4F47-B75F-A5A187303635}.Release|Any CPU.Build.0 = Release|Any CPU
		{C7F28634-8DEB-4AB7-A154-89B4C8165618}.Debug|Any CPU.ActiveCfg = Debug|Any CPU
		{C7F28634-8DEB-4AB7-A154-89B4C8165618}.Debug|Any CPU.Build.0 = Debug|Any CPU
		{C7F28634-8DEB-4AB7-A154-89B4C8165618}.Release|Any CPU.ActiveCfg = Release|Any CPU
		{C7F28634-8DEB-4AB7-A154-89B4C8165618}.Release|Any CPU.Build.0 = Release|Any CPU
		{C91CDC0D-9590-48B7-9F79-4D3172D86A4D}.Debug|Any CPU.ActiveCfg = Debug|Any CPU
		{C91CDC0D-9590-48B7-9F79-4D3172D86A4D}.Debug|Any CPU.Build.0 = Debug|Any CPU
		{C91CDC0D-9590-48B7-9F79-4D3172D86A4D}.Release|Any CPU.ActiveCfg = Release|Any CPU
		{C91CDC0D-9590-48B7-9F79-4D3172D86A4D}.Release|Any CPU.Build.0 = Release|Any CPU
		{E350221A-552B-4488-938D-8A8494824007}.Debug|Any CPU.ActiveCfg = Debug|Any CPU
		{E350221A-552B-4488-938D-8A8494824007}.Debug|Any CPU.Build.0 = Debug|Any CPU
		{E350221A-552B-4488-938D-8A8494824007}.Release|Any CPU.ActiveCfg = Release|Any CPU
		{E350221A-552B-4488-938D-8A8494824007}.Release|Any CPU.Build.0 = Release|Any CPU
		{EDAC9EFF-30D3-4324-96E2-5E2543595641}.Debug|Any CPU.ActiveCfg = Debug|Any CPU
		{EDAC9EFF-30D3-4324-96E2-5E2543595641}.Debug|Any CPU.Build.0 = Debug|Any CPU
		{EDAC9EFF-30D3-4324-96E2-5E2543595641}.Release|Any CPU.ActiveCfg = Release|Any CPU
		{EDAC9EFF-30D3-4324-96E2-5E2543595641}.Release|Any CPU.Build.0 = Release|Any CPU
		{7190D2EB-B27A-4EC1-8DC7-74309870D571}.Debug|Any CPU.ActiveCfg = Debug|Any CPU
		{7190D2EB-B27A-4EC1-8DC7-74309870D571}.Debug|Any CPU.Build.0 = Debug|Any CPU
		{7190D2EB-B27A-4EC1-8DC7-74309870D571}.Release|Any CPU.ActiveCfg = Release|Any CPU
		{7190D2EB-B27A-4EC1-8DC7-74309870D571}.Release|Any CPU.Build.0 = Release|Any CPU
		{BD8BE8F6-728B-4657-A9AB-05F0D9AE715F}.Debug|Any CPU.ActiveCfg = Debug|Any CPU
		{BD8BE8F6-728B-4657-A9AB-05F0D9AE715F}.Debug|Any CPU.Build.0 = Debug|Any CPU
		{BD8BE8F6-728B-4657-A9AB-05F0D9AE715F}.Release|Any CPU.ActiveCfg = Release|Any CPU
		{BD8BE8F6-728B-4657-A9AB-05F0D9AE715F}.Release|Any CPU.Build.0 = Release|Any CPU
		{3C470158-62FC-4D34-A9A6-30F46DB90F69}.Debug|Any CPU.ActiveCfg = Debug|Any CPU
		{3C470158-62FC-4D34-A9A6-30F46DB90F69}.Debug|Any CPU.Build.0 = Debug|Any CPU
		{3C470158-62FC-4D34-A9A6-30F46DB90F69}.Release|Any CPU.ActiveCfg = Release|Any CPU
		{3C470158-62FC-4D34-A9A6-30F46DB90F69}.Release|Any CPU.Build.0 = Release|Any CPU
		{067556E1-9312-4E8C-982C-5228DA4B01FB}.Debug|Any CPU.ActiveCfg = Debug|Any CPU
		{067556E1-9312-4E8C-982C-5228DA4B01FB}.Debug|Any CPU.Build.0 = Debug|Any CPU
		{067556E1-9312-4E8C-982C-5228DA4B01FB}.Release|Any CPU.ActiveCfg = Release|Any CPU
		{067556E1-9312-4E8C-982C-5228DA4B01FB}.Release|Any CPU.Build.0 = Release|Any CPU
		{716EDFF7-A445-43C5-B81E-98A0E793B8B0}.Debug|Any CPU.ActiveCfg = Debug|Any CPU
		{716EDFF7-A445-43C5-B81E-98A0E793B8B0}.Debug|Any CPU.Build.0 = Debug|Any CPU
		{716EDFF7-A445-43C5-B81E-98A0E793B8B0}.Release|Any CPU.ActiveCfg = Release|Any CPU
		{716EDFF7-A445-43C5-B81E-98A0E793B8B0}.Release|Any CPU.Build.0 = Release|Any CPU
		{0FB8366D-44D6-43A4-966C-E2C312DFBA5F}.Debug|Any CPU.ActiveCfg = Debug|Any CPU
		{0FB8366D-44D6-43A4-966C-E2C312DFBA5F}.Debug|Any CPU.Build.0 = Debug|Any CPU
		{0FB8366D-44D6-43A4-966C-E2C312DFBA5F}.Release|Any CPU.ActiveCfg = Release|Any CPU
		{0FB8366D-44D6-43A4-966C-E2C312DFBA5F}.Release|Any CPU.Build.0 = Release|Any CPU
		{E742CB68-008F-4779-A2FB-726796E9A705}.Debug|Any CPU.ActiveCfg = Debug|Any CPU
		{E742CB68-008F-4779-A2FB-726796E9A705}.Debug|Any CPU.Build.0 = Debug|Any CPU
		{E742CB68-008F-4779-A2FB-726796E9A705}.Release|Any CPU.ActiveCfg = Release|Any CPU
		{E742CB68-008F-4779-A2FB-726796E9A705}.Release|Any CPU.Build.0 = Release|Any CPU
		{6D778C1E-D0D7-436F-8C36-310A03259D18}.Debug|Any CPU.ActiveCfg = Debug|Any CPU
		{6D778C1E-D0D7-436F-8C36-310A03259D18}.Debug|Any CPU.Build.0 = Debug|Any CPU
		{6D778C1E-D0D7-436F-8C36-310A03259D18}.Release|Any CPU.ActiveCfg = Release|Any CPU
		{6D778C1E-D0D7-436F-8C36-310A03259D18}.Release|Any CPU.Build.0 = Release|Any CPU
	EndGlobalSection
	GlobalSection(NestedProjects) = preSolution
		{ACF1CA98-5D98-42ED-9B35-5267E796225D} = {065D795D-5778-49E8-9B48-779CC92E93E2}
		{736406A4-024F-4237-BF5E-41B4C7A79DAD} = {065D795D-5778-49E8-9B48-779CC92E93E2}
		{BEC9136A-16B6-494B-9FC4-DD5221CD2097} = {065D795D-5778-49E8-9B48-779CC92E93E2}
		{C433788A-BFEA-4F34-880C-A4B5ABFC92B1} = {065D795D-5778-49E8-9B48-779CC92E93E2}
		{9C88B7E6-18DC-411C-AA2D-38D4A848BC8C} = {065D795D-5778-49E8-9B48-779CC92E93E2}
		{8A77F3DE-B02C-4952-8D18-C9F91D10601C} = {065D795D-5778-49E8-9B48-779CC92E93E2}
		{EDBFA5BB-1AC1-4B10-ADFC-1D9A1A802F12} = {065D795D-5778-49E8-9B48-779CC92E93E2}
		{1B6A354C-C2DA-4E73-9AA2-DBA36D8BE728} = {065D795D-5778-49E8-9B48-779CC92E93E2}
		{DE7761EA-4FCA-4F47-B75F-A5A187303635} = {065D795D-5778-49E8-9B48-779CC92E93E2}
		{0BA62836-46F0-46FA-B417-947B83EE60A8} = {065D795D-5778-49E8-9B48-779CC92E93E2}
		{C7F28634-8DEB-4AB7-A154-89B4C8165618} = {0BA62836-46F0-46FA-B417-947B83EE60A8}
		{C91CDC0D-9590-48B7-9F79-4D3172D86A4D} = {0BA62836-46F0-46FA-B417-947B83EE60A8}
		{E350221A-552B-4488-938D-8A8494824007} = {0BA62836-46F0-46FA-B417-947B83EE60A8}
		{EDAC9EFF-30D3-4324-96E2-5E2543595641} = {0BA62836-46F0-46FA-B417-947B83EE60A8}
		{541D5BDE-E4C0-4DF6-BCF0-440896DEF627} = {065D795D-5778-49E8-9B48-779CC92E93E2}
		{7190D2EB-B27A-4EC1-8DC7-74309870D571} = {541D5BDE-E4C0-4DF6-BCF0-440896DEF627}
		{BD8BE8F6-728B-4657-A9AB-05F0D9AE715F} = {541D5BDE-E4C0-4DF6-BCF0-440896DEF627}
		{3C470158-62FC-4D34-A9A6-30F46DB90F69} = {541D5BDE-E4C0-4DF6-BCF0-440896DEF627}
		{067556E1-9312-4E8C-982C-5228DA4B01FB} = {541D5BDE-E4C0-4DF6-BCF0-440896DEF627}
		{716EDFF7-A445-43C5-B81E-98A0E793B8B0} = {DE459845-520C-42E2-A772-DA33662755DE}
		{0FB8366D-44D6-43A4-966C-E2C312DFBA5F} = {DE459845-520C-42E2-A772-DA33662755DE}
		{E742CB68-008F-4779-A2FB-726796E9A705} = {2A22952F-AE48-4579-9BFC-D807A8F8E4CD}
		{6D778C1E-D0D7-436F-8C36-310A03259D18} = {2A22952F-AE48-4579-9BFC-D807A8F8E4CD}
	EndGlobalSection
EndGlobal
